Microsoft Visual Studio Solution File, Format Version 12.00
# Visual Studio Version 17
VisualStudioVersion = 17.5.2.0
MinimumVisualStudioVersion = 10.0.40219.1
Project("{FAE04EC0-301F-11D3-BF4B-00C04F79EFBC}") = "FitLifeAPI", "FitLifeAPI\FitLifeAPI.csproj", "{E5C93483-D688-F078-DA82-8545D366E767}"
EndProject
Global
	GlobalSection(SolutionConfigurationPlatforms) = preSolution
		Debug|Any CPU = Debug|Any CPU
		Release|Any CPU = Release|Any CPU
	EndGlobalSection
	GlobalSection(ProjectConfigurationPlatforms) = postSolution
		{E5C93483-D688-F078-DA82-8545D366E767}.Debug|Any CPU.ActiveCfg = Debug|Any CPU
		{E5C93483-D688-F078-DA82-8545D366E767}.Debug|Any CPU.Build.0 = Debug|Any CPU
		{E5C93483-D688-F078-DA82-8545D366E767}.Release|Any CPU.ActiveCfg = Release|Any CPU
		{E5C93483-D688-F078-DA82-8545D366E767}.Release|Any CPU.Build.0 = Release|Any CPU
	EndGlobalSection
	GlobalSection(SolutionProperties) = preSolution
		HideSolutionNode = FALSE
	EndGlobalSection
	GlobalSection(ExtensibilityGlobals) = postSolution
		SolutionGuid = {149B2126-7373-46F5-B7FA-EABD9341FB69}
	EndGlobalSection
EndGlobal
